
Microsoft Visual Studio Solution File, Format Version 12.00
# Visual Studio Version 17
VisualStudioVersion = 17.13.35931.197 d17.13
MinimumVisualStudioVersion = 10.0.40219.1
Project("{FAE04EC0-301F-11D3-BF4B-00C04F79EFBC}") = "My-Books", "My-Books.csproj", "{68DE9AD6-1302-4638-A1E2-8FC6F5BCCC4D}"
EndProject
Global
	GlobalSection(SolutionConfigurationPlatforms) = preSolution
		Debug|Any CPU = Debug|Any CPU
		Release|Any CPU = Release|Any CPU
	EndGlobalSection
	GlobalSection(ProjectConfigurationPlatforms) = postSolution
		{68DE9AD6-1302-4638-A1E2-8FC6F5BCCC4D}.Debug|Any CPU.ActiveCfg = Debug|Any CPU
		{68DE9AD6-1302-4638-A1E2-8FC6F5BCCC4D}.Debug|Any CPU.Build.0 = Debug|Any CPU
		{68DE9AD6-1302-4638-A1E2-8FC6F5BCCC4D}.Release|Any CPU.ActiveCfg = Release|Any CPU
		{68DE9AD6-1302-4638-A1E2-8FC6F5BCCC4D}.Release|Any CPU.Build.0 = Release|Any CPU
	EndGlobalSection
	GlobalSection(SolutionProperties) = preSolution
		HideSolutionNode = FALSE
	EndGlobalSection
	GlobalSection(ExtensibilityGlobals) = postSolution
		SolutionGuid = {0DE48BE3-B5A9-4702-B711-674CF9276CB5}
	EndGlobalSection
EndGlobal
